<?xml version="1.0" encoding="UTF-8" standalone="yes" ?>
<CodeBlocks_project_file>
	<FileVersion major="1" minor="6" />
	<Project>
		<Option title="libiotop" />
		<Option pch_mode="2" />
		<Option compiler="gcc" />
		<Build>
			<Target title="Debug">
				<Option output=".bin/Debug/libiotop" prefix_auto="1" extension_auto="1" />
				<Option object_output=".obj/Debug/" />
				<Option type="1" />
				<Option compiler="gcc" />
				<Compiler>
					<Add option="-g" />
				</Compiler>
			</Target>
			<Target title="Release">
				<Option output=".bin/Release/libiotop" prefix_auto="1" extension_auto="1" />
				<Option object_output=".obj/Release/" />
				<Option type="1" />
				<Option compiler="gcc" />
			</Target>
		</Build>
		<Compiler>
			<Add option="`pkg-config --cflags ncurses`" />
			<Add option="-std=gnu90 -Wall -Wextra" />
			<Add option="-O3 -fno-stack-protector -mno-stackrealign" />
			<Add directory="src/include" />
		</Compiler>
		<Linker>
			<Add option="`pkg-config --libs ncurses`" />
		</Linker>
		<Unit filename="src/include/libiotop-internals.h" />
		<Unit filename="src/include/libiotop.h" />
		<Unit filename="src/iotop/iotop.h" />
		<Unit filename="src/iotop/main.c">
			<Option compilerVar="CC" />
		</Unit>
		<Unit filename="src/iotop/utils.c">
			<Option compilerVar="CC" />
		</Unit>
		<Unit filename="src/iotop/view_batch.c">
			<Option compilerVar="CC" />
		</Unit>
		<Unit filename="src/iotop/view_curses.c">
			<Option compilerVar="CC" />
		</Unit>
		<Unit filename="src/iotop/views.c">
			<Option compilerVar="CC" />
		</Unit>
		<Unit filename="src/libiotop/allocate.c">
			<Option compilerVar="CC" />
		</Unit>
		<Unit filename="src/libiotop/arr.c">
			<Option compilerVar="CC" />
		</Unit>
		<Unit filename="src/libiotop/checks.c">
			<Option compilerVar="CC" />
		</Unit>
		<Unit filename="src/libiotop/getset.c">
			<Option compilerVar="CC" />
		</Unit>
		<Unit filename="src/libiotop/ioprio.c">
			<Option compilerVar="CC" />
		</Unit>
		<Unit filename="src/libiotop/refresh.c">
			<Option compilerVar="CC" />
		</Unit>
		<Unit filename="src/libiotop/sort.c">
			<Option compilerVar="CC" />
		</Unit>
		<Unit filename="src/libiotop/utils.c">
			<Option compilerVar="CC" />
		</Unit>
		<Unit filename="src/libiotop/vmstat.c">
			<Option compilerVar="CC" />
		</Unit>
		<Unit filename="src/libiotop/xxxid_info.c">
			<Option compilerVar="CC" />
		</Unit>
		<Extensions />
	</Project>
</CodeBlocks_project_file>
